{
  "version": 4,
  "terraform_version": "1.12.2",
  "serial": 34,
  "lineage": "5b06437b-7e74-0a37-b3e1-4512d3dde044",
  "outputs": {
    "artifact_registry_repository": {
      "value": "ai-bank-extractor-images",
      "type": "string"
    },
    "cloud_run_service_name": {
      "value": "ai-bank-extractor",
      "type": "string"
    },
    "cloud_run_url": {
      "value": null,
      "type": "string"
    },
    "deployment_commands": {
      "value": {
        "build_image": "docker build -t us-central1-docker.pkg.dev/deploy-bank-app/ai-bank-extractor-images/ai-bank-extractor:latest .",
        "deploy_service": "gcloud run deploy ai-bank-extractor --image us-central1-docker.pkg.dev/deploy-bank-app/ai-bank-extractor-images/ai-bank-extractor:latest --region us-central1 --service-account ai-bank-extractor-sa@deploy-bank-app.iam.gserviceaccount.com",
        "push_image": "docker push us-central1-docker.pkg.dev/deploy-bank-app/ai-bank-extractor-images/ai-bank-extractor:latest"
      },
      "type": [
        "object",
        {
          "build_image": "string",
          "deploy_service": "string",
          "push_image": "string"
        }
      ]
    },
    "docker_image_url": {
      "value": "us-central1-docker.pkg.dev/deploy-bank-app/ai-bank-extractor-images/ai-bank-extractor:latest",
      "type": "string"
    },
    "environment_variables": {
      "value": {
        "CLOUD": "GCP",
        "DATABASE_TYPE": "firestore",
        "GCP_PROJECT_ID": "deploy-bank-app",
        "GCP_SECRETS_NAME": "ai-bank-extractor-secrets",
        "GCS_BUCKET": "deploy-bank-app-ai-bank-extractor-storage",
        "GOOGLE_APPLICATION_CREDENTIALS": "/path/to/your-service-account-key.json",
        "USE_GCP_SECRETS": "true",
        "USE_GCS_STORAGE": "true"
      },
      "type": [
        "object",
        {
          "CLOUD": "string",
          "DATABASE_TYPE": "string",
          "GCP_PROJECT_ID": "string",
          "GCP_SECRETS_NAME": "string",
          "GCS_BUCKET": "string",
          "GOOGLE_APPLICATION_CREDENTIALS": "string",
          "USE_GCP_SECRETS": "string",
          "USE_GCS_STORAGE": "string"
        }
      ]
    },
    "firestore_database_name": {
      "value": "(default)",
      "type": "string"
    },
    "project_id": {
      "value": "deploy-bank-app",
      "type": "string"
    },
    "region": {
      "value": "us-central1",
      "type": "string"
    },
    "secret_manager_secret_name": {
      "value": "ai-bank-extractor-secrets",
      "type": "string"
    },
    "service_account_email": {
      "value": "ai-bank-extractor-sa@deploy-bank-app.iam.gserviceaccount.com",
      "type": "string"
    },
    "storage_bucket_name": {
      "value": "deploy-bank-app-ai-bank-extractor-storage",
      "type": "string"
    },
    "storage_bucket_url": {
      "value": "gs://deploy-bank-app-ai-bank-extractor-storage",
      "type": "string"
    },
    "useful_urls": {
      "value": {
        "cloud_console": "https://console.cloud.google.com/home/dashboard?project=deploy-bank-app",
        "cloud_run_console": "https://console.cloud.google.com/run?project=deploy-bank-app",
        "firestore_console": "https://console.cloud.google.com/firestore?project=deploy-bank-app",
        "logs_console": "https://console.cloud.google.com/logs/query?project=deploy-bank-app",
        "monitoring_console": "https://console.cloud.google.com/monitoring?project=deploy-bank-app",
        "secrets_console": "https://console.cloud.google.com/security/secret-manager?project=deploy-bank-app",
        "storage_console": "https://console.cloud.google.com/storage/browser?project=deploy-bank-app"
      },
      "type": [
        "object",
        {
          "cloud_console": "string",
          "cloud_run_console": "string",
          "firestore_console": "string",
          "logs_console": "string",
          "monitoring_console": "string",
          "secrets_console": "string",
          "storage_console": "string"
        }
      ]
    }
  },
  "resources": [
    {
      "mode": "managed",
      "type": "google_artifact_registry_repository",
      "name": "app_repo",
      "provider": "provider[\"registry.terraform.io/hashicorp/google\"]",
      "instances": [
        {
          "schema_version": 0,
          "attributes": {
            "cleanup_policies": [],
            "cleanup_policy_dry_run": false,
            "create_time": "2025-08-18T00:28:31.547013Z",
            "description": "Docker repository for ai-bank-extractor",
            "docker_config": [],
            "effective_labels": {
              "app": "ai-bank-extractor",
              "environment": "prod",
              "managed_by": "terraform"
            },
            "format": "DOCKER",
            "id": "projects/deploy-bank-app/locations/us-central1/repositories/ai-bank-extractor-images",
            "kms_key_name": "",
            "labels": {
              "app": "ai-bank-extractor",
              "environment": "prod",
              "managed_by": "terraform"
            },
            "location": "us-central1",
            "maven_config": [],
            "mode": "STANDARD_REPOSITORY",
            "name": "ai-bank-extractor-images",
            "project": "deploy-bank-app",
            "remote_repository_config": [],
            "repository_id": "ai-bank-extractor-images",
            "terraform_labels": {
              "app": "ai-bank-extractor",
              "environment": "prod",
              "managed_by": "terraform"
            },
            "timeouts": null,
            "update_time": "2025-08-18T01:01:05.006681Z",
            "virtual_repository_config": []
          },
          "sensitive_attributes": [],
          "identity_schema_version": 0,
          "private": "eyJlMmJmYjczMC1lY2FhLTExZTYtOGY4OC0zNDM2M2JjN2M0YzAiOnsiY3JlYXRlIjoxMjAwMDAwMDAwMDAwLCJkZWxldGUiOjEyMDAwMDAwMDAwMDAsInVwZGF0ZSI6MTIwMDAwMDAwMDAwMH19"
        }
      ]
    },
    {
      "mode": "managed",
      "type": "google_cloud_run_service",
      "name": "app_service",
      "provider": "provider[\"registry.terraform.io/hashicorp/google\"]",
      "instances": [
        {
          "status": "tainted",
          "schema_version": 2,
          "attributes": {
            "autogenerate_revision_name": false,
            "id": "locations/us-central1/namespaces/deploy-bank-app/services/ai-bank-extractor",
            "location": "us-central1",
            "metadata": null,
            "name": "ai-bank-extractor",
            "project": "deploy-bank-app",
            "status": null,
            "template": [
              {
                "metadata": [
                  {
                    "annotations": {
                      "autoscaling.knative.dev/maxScale": "10",
                      "autoscaling.knative.dev/minScale": "0",
                      "run.googleapis.com/cpu-throttling": "false",
                      "run.googleapis.com/execution-environment": "gen2"
                    },
                    "generation": 0,
                    "labels": {
                      "app": "ai-bank-extractor",
                      "environment": "prod",
                      "managed_by": "terraform"
                    },
                    "name": "",
                    "namespace": "",
                    "resource_version": "",
                    "self_link": "",
                    "uid": ""
                  }
                ],
                "spec": [
                  {
                    "container_concurrency": 0,
                    "containers": [
                      {
                        "args": null,
                        "command": null,
                        "env": [
                          {
                            "name": "CLOUD",
                            "value": "GCP",
                            "value_from": []
                          },
                          {
                            "name": "DATABASE_TYPE",
                            "value": "firestore",
                            "value_from": []
                          },
                          {
                            "name": "GCP_PROJECT_ID",
                            "value": "deploy-bank-app",
                            "value_from": []
                          },
                          {
                            "name": "GCP_SECRETS_NAME",
                            "value": "ai-bank-extractor-secrets",
                            "value_from": []
                          },
                          {
                            "name": "GCS_BUCKET",
                            "value": "deploy-bank-app-ai-bank-extractor-storage",
                            "value_from": []
                          },
                          {
                            "name": "HOST",
                            "value": "0.0.0.0",
                            "value_from": []
                          },
                          {
                            "name": "PRODUCTION",
                            "value": "true",
                            "value_from": []
                          },
                          {
                            "name": "USE_GCP_SECRETS",
                            "value": "true",
                            "value_from": []
                          },
                          {
                            "name": "USE_GCS_STORAGE",
                            "value": "true",
                            "value_from": []
                          }
                        ],
                        "env_from": [],
                        "image": "us-central1-docker.pkg.dev/deploy-bank-app/ai-bank-extractor-images/ai-bank-extractor:latest",
                        "liveness_probe": [],
                        "name": "",
                        "ports": [
                          {
                            "container_port": 8080,
                            "name": "",
                            "protocol": ""
                          }
                        ],
                        "resources": [
                          {
                            "limits": {
                              "cpu": "2000m",
                              "memory": "4Gi"
                            },
                            "requests": {
                              "cpu": "1000m",
                              "memory": "2Gi"
                            }
                          }
                        ],
                        "startup_probe": [],
                        "volume_mounts": [],
                        "working_dir": ""
                      }
                    ],
                    "service_account_name": "ai-bank-extractor-sa@deploy-bank-app.iam.gserviceaccount.com",
                    "serving_state": "",
                    "timeout_seconds": 60,
                    "volumes": []
                  }
                ]
              }
            ],
            "timeouts": null,
            "traffic": [
              {
                "latest_revision": true,
                "percent": 100,
                "revision_name": "",
                "tag": "",
                "url": ""
              }
            ]
          },
          "sensitive_attributes": [],
          "identity_schema_version": 0,
          "private": "eyJlMmJmYjczMC1lY2FhLTExZTYtOGY4OC0zNDM2M2JjN2M0YzAiOnsiY3JlYXRlIjoxMjAwMDAwMDAwMDAwLCJkZWxldGUiOjEyMDAwMDAwMDAwMDAsInVwZGF0ZSI6MTIwMDAwMDAwMDAwMH0sInNjaGVtYV92ZXJzaW9uIjoiMiJ9",
          "dependencies": [
            "google_artifact_registry_repository.app_repo",
            "google_firestore_database.database",
            "google_secret_manager_secret.app_secrets",
            "google_secret_manager_secret_version.app_secrets_version",
            "google_service_account.app_service_account",
            "google_storage_bucket.app_storage"
          ]
        }
      ]
    },
    {
      "mode": "managed",
      "type": "google_firestore_database",
      "name": "database",
      "provider": "provider[\"registry.terraform.io/hashicorp/google\"]",
      "instances": [
        {
          "schema_version": 0,
          "attributes": {
            "app_engine_integration_mode": "DISABLED",
            "cmek_config": [],
            "concurrency_mode": "PESSIMISTIC",
            "create_time": "",
            "delete_protection_state": "DELETE_PROTECTION_DISABLED",
            "deletion_policy": "ABANDON",
            "earliest_version_time": "2025-08-18T00:51:32.445666Z",
            "etag": "INDzpbSVk48DMOLzoKCSk48D",
            "id": "projects/deploy-bank-app/databases/(default)",
            "key_prefix": "",
            "location_id": "us-central1",
            "name": "(default)",
            "point_in_time_recovery_enablement": "POINT_IN_TIME_RECOVERY_DISABLED",
            "project": "deploy-bank-app",
            "timeouts": null,
            "type": "FIRESTORE_NATIVE",
            "uid": "d695c279-bedd-466d-878d-27c060cb47d4",
            "update_time": "",
            "version_retention_period": "3600s"
          },
          "sensitive_attributes": [],
          "identity_schema_version": 0,
          "private": "eyJlMmJmYjczMC1lY2FhLTExZTYtOGY4OC0zNDM2M2JjN2M0YzAiOnsiY3JlYXRlIjoxMjAwMDAwMDAwMDAwLCJkZWxldGUiOjEyMDAwMDAwMDAwMDAsInVwZGF0ZSI6MTIwMDAwMDAwMDAwMH19"
        }
      ]
    },
    {
      "mode": "managed",
      "type": "google_project_iam_member",
      "name": "firestore_user",
      "provider": "provider[\"registry.terraform.io/hashicorp/google\"]",
      "instances": [
        {
          "schema_version": 0,
          "attributes": {
            "condition": [],
            "etag": "BwY8mNKHZ4A=",
            "id": "deploy-bank-app/roles/datastore.user/serviceAccount:ai-bank-extractor-sa@deploy-bank-app.iam.gserviceaccount.com",
            "member": "serviceAccount:ai-bank-extractor-sa@deploy-bank-app.iam.gserviceaccount.com",
            "project": "deploy-bank-app",
            "role": "roles/datastore.user"
          },
          "sensitive_attributes": [],
          "identity_schema_version": 0,
          "private": "bnVsbA==",
          "dependencies": [
            "google_service_account.app_service_account"
          ]
        }
      ]
    },
    {
      "mode": "managed",
      "type": "google_project_iam_member",
      "name": "log_writer",
      "provider": "provider[\"registry.terraform.io/hashicorp/google\"]",
      "instances": [
        {
          "schema_version": 0,
          "attributes": {
            "condition": [],
            "etag": "BwY8mNKHZ4A=",
            "id": "deploy-bank-app/roles/logging.logWriter/serviceAccount:ai-bank-extractor-sa@deploy-bank-app.iam.gserviceaccount.com",
            "member": "serviceAccount:ai-bank-extractor-sa@deploy-bank-app.iam.gserviceaccount.com",
            "project": "deploy-bank-app",
            "role": "roles/logging.logWriter"
          },
          "sensitive_attributes": [],
          "identity_schema_version": 0,
          "private": "bnVsbA==",
          "dependencies": [
            "google_service_account.app_service_account"
          ]
        }
      ]
    },
    {
      "mode": "managed",
      "type": "google_project_iam_member",
      "name": "monitoring_writer",
      "provider": "provider[\"registry.terraform.io/hashicorp/google\"]",
      "instances": [
        {
          "schema_version": 0,
          "attributes": {
            "condition": [],
            "etag": "BwY8mNKHZ4A=",
            "id": "deploy-bank-app/roles/monitoring.metricWriter/serviceAccount:ai-bank-extractor-sa@deploy-bank-app.iam.gserviceaccount.com",
            "member": "serviceAccount:ai-bank-extractor-sa@deploy-bank-app.iam.gserviceaccount.com",
            "project": "deploy-bank-app",
            "role": "roles/monitoring.metricWriter"
          },
          "sensitive_attributes": [],
          "identity_schema_version": 0,
          "private": "bnVsbA==",
          "dependencies": [
            "google_service_account.app_service_account"
          ]
        }
      ]
    },
    {
      "mode": "managed",
      "type": "google_project_iam_member",
      "name": "secret_accessor",
      "provider": "provider[\"registry.terraform.io/hashicorp/google\"]",
      "instances": [
        {
          "schema_version": 0,
          "attributes": {
            "condition": [],
            "etag": "BwY8mNKHZ4A=",
            "id": "deploy-bank-app/roles/secretmanager.secretAccessor/serviceAccount:ai-bank-extractor-sa@deploy-bank-app.iam.gserviceaccount.com",
            "member": "serviceAccount:ai-bank-extractor-sa@deploy-bank-app.iam.gserviceaccount.com",
            "project": "deploy-bank-app",
            "role": "roles/secretmanager.secretAccessor"
          },
          "sensitive_attributes": [],
          "identity_schema_version": 0,
          "private": "bnVsbA==",
          "dependencies": [
            "google_service_account.app_service_account"
          ]
        }
      ]
    },
    {
      "mode": "managed",
      "type": "google_project_iam_member",
      "name": "storage_admin",
      "provider": "provider[\"registry.terraform.io/hashicorp/google\"]",
      "instances": [
        {
          "schema_version": 0,
          "attributes": {
            "condition": [],
            "etag": "BwY8mNKHZ4A=",
            "id": "deploy-bank-app/roles/storage.objectAdmin/serviceAccount:ai-bank-extractor-sa@deploy-bank-app.iam.gserviceaccount.com",
            "member": "serviceAccount:ai-bank-extractor-sa@deploy-bank-app.iam.gserviceaccount.com",
            "project": "deploy-bank-app",
            "role": "roles/storage.objectAdmin"
          },
          "sensitive_attributes": [],
          "identity_schema_version": 0,
          "private": "bnVsbA==",
          "dependencies": [
            "google_service_account.app_service_account"
          ]
        }
      ]
    },
    {
      "mode": "managed",
      "type": "google_secret_manager_secret",
      "name": "app_secrets",
      "provider": "provider[\"registry.terraform.io/hashicorp/google\"]",
      "instances": [
        {
          "schema_version": 0,
          "attributes": {
            "annotations": {},
            "create_time": "2025-08-18T00:28:22.785286Z",
            "effective_annotations": {},
            "effective_labels": {
              "app": "ai-bank-extractor",
              "environment": "prod",
              "managed_by": "terraform"
            },
            "expire_time": "",
            "id": "projects/deploy-bank-app/secrets/ai-bank-extractor-secrets",
            "labels": {
              "app": "ai-bank-extractor",
              "environment": "prod",
              "managed_by": "terraform"
            },
            "name": "projects/379071166581/secrets/ai-bank-extractor-secrets",
            "project": "deploy-bank-app",
            "replication": [
              {
                "auto": [
                  {
                    "customer_managed_encryption": []
                  }
                ],
                "user_managed": []
              }
            ],
            "rotation": [],
            "secret_id": "ai-bank-extractor-secrets",
            "terraform_labels": {
              "app": "ai-bank-extractor",
              "environment": "prod",
              "managed_by": "terraform"
            },
            "timeouts": null,
            "topics": [],
            "ttl": null,
            "version_aliases": {},
            "version_destroy_ttl": ""
          },
          "sensitive_attributes": [],
          "identity_schema_version": 0,
          "private": "eyJlMmJmYjczMC1lY2FhLTExZTYtOGY4OC0zNDM2M2JjN2M0YzAiOnsiY3JlYXRlIjoxMjAwMDAwMDAwMDAwLCJkZWxldGUiOjEyMDAwMDAwMDAwMDAsInVwZGF0ZSI6MTIwMDAwMDAwMDAwMH19"
        }
      ]
    },
    {
      "mode": "managed",
      "type": "google_secret_manager_secret_version",
      "name": "app_secrets_version",
      "provider": "provider[\"registry.terraform.io/hashicorp/google\"]",
      "instances": [
        {
          "schema_version": 0,
          "attributes": {
            "create_time": "2025-08-18T00:28:25.950714Z",
            "deletion_policy": "DELETE",
            "destroy_time": "",
            "enabled": true,
            "id": "projects/379071166581/secrets/ai-bank-extractor-secrets/versions/1",
            "is_secret_data_base64": false,
            "name": "projects/379071166581/secrets/ai-bank-extractor-secrets/versions/1",
            "secret": "projects/deploy-bank-app/secrets/ai-bank-extractor-secrets",
            "secret_data": "{\"API_KEY\":\"AIzaSyCrjP4HBMC0RataUj4sThVhVjJZe1xTfXo\",\"GOOGLE_CLIENT_ID\":\"783810249351-qcc3uu1mblul8aoco9h0rvoh91cvqjsk.apps.googleusercontent.com\",\"GOOGLE_CLIENT_SECRET\":\"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\",\"SECRET_KEY\":\"your-app-secret-key-at-least-32-characters-long\",\"YATIVO_SECRET_KEY\":\"0423145c-4059-4529-b97f-1fb14b2d8e9c\"}",
            "timeouts": null,
            "version": "1"
          },
          "sensitive_attributes": [
            [
              {
                "type": "get_attr",
                "value": "secret_data"
              }
            ]
          ],
          "identity_schema_version": 0,
          "private": "eyJlMmJmYjczMC1lY2FhLTExZTYtOGY4OC0zNDM2M2JjN2M0YzAiOnsiY3JlYXRlIjoxMjAwMDAwMDAwMDAwLCJkZWxldGUiOjEyMDAwMDAwMDAwMDAsInVwZGF0ZSI6MTIwMDAwMDAwMDAwMH19",
          "dependencies": [
            "google_secret_manager_secret.app_secrets"
          ]
        }
      ]
    },
    {
      "mode": "managed",
      "type": "google_service_account",
      "name": "app_service_account",
      "provider": "provider[\"registry.terraform.io/hashicorp/google\"]",
      "instances": [
        {
          "schema_version": 0,
          "attributes": {
            "account_id": "ai-bank-extractor-sa",
            "create_ignore_already_exists": null,
            "description": "Service account for ai-bank-extractor Cloud Run service",
            "disabled": false,
            "display_name": "AI Bank Extractor Service Account",
            "email": "ai-bank-extractor-sa@deploy-bank-app.iam.gserviceaccount.com",
            "id": "projects/deploy-bank-app/serviceAccounts/ai-bank-extractor-sa@deploy-bank-app.iam.gserviceaccount.com",
            "member": "serviceAccount:ai-bank-extractor-sa@deploy-bank-app.iam.gserviceaccount.com",
            "name": "projects/deploy-bank-app/serviceAccounts/ai-bank-extractor-sa@deploy-bank-app.iam.gserviceaccount.com",
            "project": "deploy-bank-app",
            "timeouts": null,
            "unique_id": "112691370018609671299"
          },
          "sensitive_attributes": [],
          "identity_schema_version": 0,
          "private": "eyJlMmJmYjczMC1lY2FhLTExZTYtOGY4OC0zNDM2M2JjN2M0YzAiOnsiY3JlYXRlIjozMDAwMDAwMDAwMDB9fQ=="
        }
      ]
    },
    {
      "mode": "managed",
      "type": "google_storage_bucket",
      "name": "app_storage",
      "provider": "provider[\"registry.terraform.io/hashicorp/google\"]",
      "instances": [
        {
          "schema_version": 2,
          "attributes": {
            "autoclass": [],
            "cors": [
              {
                "max_age_seconds": 3600,
                "method": [
                  "GET",
                  "POST",
                  "PUT",
                  "DELETE",
                  "HEAD"
                ],
                "origin": [
                  "*"
                ],
                "response_header": [
                  "Content-Type",
                  "Access-Control-Allow-Origin"
                ]
              }
            ],
            "custom_placement_config": [],
            "default_event_based_hold": false,
            "effective_labels": {
              "app": "ai-bank-extractor",
              "environment": "prod",
              "managed_by": "terraform"
            },
            "enable_object_retention": false,
            "encryption": [],
            "force_destroy": false,
            "id": "deploy-bank-app-ai-bank-extractor-storage",
            "labels": {
              "app": "ai-bank-extractor",
              "environment": "prod",
              "managed_by": "terraform"
            },
            "lifecycle_rule": [
              {
                "action": [
                  {
                    "storage_class": "",
                    "type": "Delete"
                  }
                ],
                "condition": [
                  {
                    "age": 30,
                    "created_before": "",
                    "custom_time_before": "",
                    "days_since_custom_time": 0,
                    "days_since_noncurrent_time": 0,
                    "matches_prefix": [],
                    "matches_storage_class": [],
                    "matches_suffix": [],
                    "no_age": false,
                    "noncurrent_time_before": "",
                    "num_newer_versions": 0,
                    "send_age_if_zero": true,
                    "send_days_since_custom_time_if_zero": false,
                    "send_days_since_noncurrent_time_if_zero": false,
                    "send_num_newer_versions_if_zero": false,
                    "with_state": "ANY"
                  }
                ]
              },
              {
                "action": [
                  {
                    "storage_class": "",
                    "type": "AbortIncompleteMultipartUpload"
                  }
                ],
                "condition": [
                  {
                    "age": 1,
                    "created_before": "",
                    "custom_time_before": "",
                    "days_since_custom_time": 0,
                    "days_since_noncurrent_time": 0,
                    "matches_prefix": [],
                    "matches_storage_class": [],
                    "matches_suffix": [],
                    "no_age": false,
                    "noncurrent_time_before": "",
                    "num_newer_versions": 0,
                    "send_age_if_zero": true,
                    "send_days_since_custom_time_if_zero": false,
                    "send_days_since_noncurrent_time_if_zero": false,
                    "send_num_newer_versions_if_zero": false,
                    "with_state": "ANY"
                  }
                ]
              }
            ],
            "location": "US-CENTRAL1",
            "logging": [],
            "name": "deploy-bank-app-ai-bank-extractor-storage",
            "project": "deploy-bank-app",
            "project_number": 379071166581,
            "public_access_prevention": "inherited",
            "requester_pays": false,
            "retention_policy": [],
            "rpo": null,
            "self_link": "https://www.googleapis.com/storage/v1/b/deploy-bank-app-ai-bank-extractor-storage",
            "soft_delete_policy": [
              {
                "effective_time": "2025-08-18T00:28:22.146Z",
                "retention_duration_seconds": 604800
              }
            ],
            "storage_class": "STANDARD",
            "terraform_labels": {
              "app": "ai-bank-extractor",
              "environment": "prod",
              "managed_by": "terraform"
            },
            "timeouts": null,
            "uniform_bucket_level_access": true,
            "url": "gs://deploy-bank-app-ai-bank-extractor-storage",
            "versioning": [],
            "website": []
          },
          "sensitive_attributes": [],
          "identity_schema_version": 0,
          "private": "eyJlMmJmYjczMC1lY2FhLTExZTYtOGY4OC0zNDM2M2JjN2M0YzAiOnsiY3JlYXRlIjo2MDAwMDAwMDAwMDAsInJlYWQiOjI0MDAwMDAwMDAwMCwidXBkYXRlIjoyNDAwMDAwMDAwMDB9LCJzY2hlbWFfdmVyc2lvbiI6IjIifQ=="
        }
      ]
    }
  ],
  "check_results": [
    {
      "object_kind": "var",
      "config_addr": "var.firestore_location",
      "status": "pass",
      "objects": [
        {
          "object_addr": "var.firestore_location",
          "status": "pass"
        }
      ]
    },
    {
      "object_kind": "var",
      "config_addr": "var.environment",
      "status": "pass",
      "objects": [
        {
          "object_addr": "var.environment",
          "status": "pass"
        }
      ]
    }
  ]
}
